
Microsoft Visual Studio Solution File, Format Version 12.00
# Visual Studio 2012
Project("{f2a71f9b-5d33-465a-a702-920d77279786}") = "tweet-analyser-enterprise-ready-edition", "tweet-analyser-enterprise-ready-edition\tweet-analyser-enterprise-ready-edition.fsproj", "{DD037E0C-6EF0-4F5D-ACBE-8BA050771510}"
EndProject
Project("{f2a71f9b-5d33-465a-a702-920d77279786}") = "tweet-analyser-enterprise-ready-edition-tests", "tweet-analyser-enterprise-ready-edition-tests\tweet-analyser-enterprise-ready-edition-tests.fsproj", "{1F2D3A20-A24D-491F-9DB0-7B97266750F8}"
EndProject
Global
	GlobalSection(SolutionConfigurationPlatforms) = preSolution
		Debug|x86 = Debug|x86
		Release|x86 = Release|x86
	EndGlobalSection
	GlobalSection(ProjectConfigurationPlatforms) = postSolution
		{1F2D3A20-A24D-491F-9DB0-7B97266750F8}.Debug|x86.ActiveCfg = Debug|Any CPU
		{1F2D3A20-A24D-491F-9DB0-7B97266750F8}.Debug|x86.Build.0 = Debug|Any CPU
		{1F2D3A20-A24D-491F-9DB0-7B97266750F8}.Release|x86.ActiveCfg = Release|Any CPU
		{1F2D3A20-A24D-491F-9DB0-7B97266750F8}.Release|x86.Build.0 = Release|Any CPU
		{DD037E0C-6EF0-4F5D-ACBE-8BA050771510}.Debug|x86.ActiveCfg = Debug|x86
		{DD037E0C-6EF0-4F5D-ACBE-8BA050771510}.Debug|x86.Build.0 = Debug|x86
		{DD037E0C-6EF0-4F5D-ACBE-8BA050771510}.Release|x86.ActiveCfg = Release|x86
		{DD037E0C-6EF0-4F5D-ACBE-8BA050771510}.Release|x86.Build.0 = Release|x86
	EndGlobalSection
EndGlobal
